
Microsoft Visual Studio Solution File, Format Version 12.00
# Visual Studio Version 17
VisualStudioVersion = 17.5.33516.290
MinimumVisualStudioVersion = 10.0.40219.1
Project("{FAE04EC0-301F-11D3-BF4B-00C04F79EFBC}") = "TEST", "TEST.csproj", "{897936C5-A79C-4B2E-992E-75520120EF06}"
EndProject
Global
	GlobalSection(SolutionConfigurationPlatforms) = preSolution
		Debug|Any CPU = Debug|Any CPU
		Release|Any CPU = Release|Any CPU
	EndGlobalSection
	GlobalSection(ProjectConfigurationPlatforms) = postSolution
		{897936C5-A79C-4B2E-992E-75520120EF06}.Debug|Any CPU.ActiveCfg = Debug|Any CPU
		{897936C5-A79C-4B2E-992E-75520120EF06}.Debug|Any CPU.Build.0 = Debug|Any CPU
		{897936C5-A79C-4B2E-992E-75520120EF06}.Release|Any CPU.ActiveCfg = Release|Any CPU
		{897936C5-A79C-4B2E-992E-75520120EF06}.Release|Any CPU.Build.0 = Release|Any CPU
	EndGlobalSection
	GlobalSection(SolutionProperties) = preSolution
		HideSolutionNode = FALSE
	EndGlobalSection
	GlobalSection(ExtensibilityGlobals) = postSolution
		SolutionGuid = {2B7DE9DF-9C55-4124-88E0-8C384B1E8CBB}
	EndGlobalSection
EndGlobal
